
Microsoft Visual Studio Solution File, Format Version 12.00
# Visual Studio Version 17
VisualStudioVersion = 17.9.34607.119
MinimumVisualStudioVersion = 10.0.40219.1
Project("{FAE04EC0-301F-11D3-BF4B-00C04F79EFBC}") = "Web_api_with_jwt_auth", "Web_api_with_jwt_auth\Web_api_with_jwt_auth.csproj", "{D2A60D07-C4CC-4A83-83AD-4EDCA7E442CD}"
EndProject
Global
	GlobalSection(SolutionConfigurationPlatforms) = preSolution
		Debug|Any CPU = Debug|Any CPU
		Release|Any CPU = Release|Any CPU
	EndGlobalSection
	GlobalSection(ProjectConfigurationPlatforms) = postSolution
		{D2A60D07-C4CC-4A83-83AD-4EDCA7E442CD}.Debug|Any CPU.ActiveCfg = Debug|Any CPU
		{D2A60D07-C4CC-4A83-83AD-4EDCA7E442CD}.Debug|Any CPU.Build.0 = Debug|Any CPU
		{D2A60D07-C4CC-4A83-83AD-4EDCA7E442CD}.Release|Any CPU.ActiveCfg = Release|Any CPU
		{D2A60D07-C4CC-4A83-83AD-4EDCA7E442CD}.Release|Any CPU.Build.0 = Release|Any CPU
	EndGlobalSection
	GlobalSection(SolutionProperties) = preSolution
		HideSolutionNode = FALSE
	EndGlobalSection
	GlobalSection(ExtensibilityGlobals) = postSolution
		SolutionGuid = {80D595DF-C9DE-41AE-8FF6-6468807DFD7F}
	EndGlobalSection
EndGlobal
